
Microsoft Visual Studio Solution File, Format Version 12.00
# Visual Studio Version 16
VisualStudioVersion = 16.0.31729.503
MinimumVisualStudioVersion = 10.0.40219.1
Project("{9A19103F-16F7-4668-BE54-9A1E7A4F7556}") = "ConsummeApi", "ConsummeApi\ConsummeApi.csproj", "{E93DEEC3-3BD3-44EF-830A-EDC2E51D2F14}"
EndProject
Project("{FAE04EC0-301F-11D3-BF4B-00C04F79EFBC}") = "RequesterTool", "RequesterTool\RequesterTool.csproj", "{A4A6B5F6-5A5C-4BC2-9927-921BC1C32110}"
EndProject
Global
	GlobalSection(SolutionConfigurationPlatforms) = preSolution
		Debug|Any CPU = Debug|Any CPU
		Release|Any CPU = Release|Any CPU
	EndGlobalSection
	GlobalSection(ProjectConfigurationPlatforms) = postSolution
		{E93DEEC3-3BD3-44EF-830A-EDC2E51D2F14}.Debug|Any CPU.ActiveCfg = Debug|Any CPU
		{E93DEEC3-3BD3-44EF-830A-EDC2E51D2F14}.Debug|Any CPU.Build.0 = Debug|Any CPU
		{E93DEEC3-3BD3-44EF-830A-EDC2E51D2F14}.Release|Any CPU.ActiveCfg = Release|Any CPU
		{E93DEEC3-3BD3-44EF-830A-EDC2E51D2F14}.Release|Any CPU.Build.0 = Release|Any CPU
		{A4A6B5F6-5A5C-4BC2-9927-921BC1C32110}.Debug|Any CPU.ActiveCfg = Debug|Any CPU
		{A4A6B5F6-5A5C-4BC2-9927-921BC1C32110}.Debug|Any CPU.Build.0 = Debug|Any CPU
		{A4A6B5F6-5A5C-4BC2-9927-921BC1C32110}.Release|Any CPU.ActiveCfg = Release|Any CPU
		{A4A6B5F6-5A5C-4BC2-9927-921BC1C32110}.Release|Any CPU.Build.0 = Release|Any CPU
	EndGlobalSection
	GlobalSection(SolutionProperties) = preSolution
		HideSolutionNode = FALSE
	EndGlobalSection
	GlobalSection(ExtensibilityGlobals) = postSolution
		SolutionGuid = {FD2B53D1-2FB8-426C-A68D-92180C4CAE40}
	EndGlobalSection
EndGlobal
